
Microsoft Visual Studio Solution File, Format Version 12.00
# Visual Studio Version 17
VisualStudioVersion = 17.0.32112.339
MinimumVisualStudioVersion = 10.0.40219.1
Project("{9A19103F-16F7-4668-BE54-9A1E7A4F7556}") = "Lucid Game Engine", "Lucid Game Engine\Lucid Game Engine.csproj", "{6C33D47A-6AF7-4FC9-88BA-DB5FAE3D7061}"
EndProject
Project("{FAE04EC0-301F-11D3-BF4B-00C04F79EFBC}") = "LucidWrapper", "LucidWrapper\LucidWrapper.csproj", "{D987A7F3-A0EA-438E-A5C4-5AC30D0AEBF1}"
EndProject
Project("{FAE04EC0-301F-11D3-BF4B-00C04F79EFBC}") = "Lucid Example Project", "Lucid Example Project\Lucid Example Project.csproj", "{79EA4965-8EB1-434E-90FE-BF33910B7DD3}"
EndProject
Global
	GlobalSection(SolutionConfigurationPlatforms) = preSolution
		Debug|Any CPU = Debug|Any CPU
		Release|Any CPU = Release|Any CPU
	EndGlobalSection
	GlobalSection(ProjectConfigurationPlatforms) = postSolution
		{6C33D47A-6AF7-4FC9-88BA-DB5FAE3D7061}.Debug|Any CPU.ActiveCfg = Debug|Any CPU
		{6C33D47A-6AF7-4FC9-88BA-DB5FAE3D7061}.Debug|Any CPU.Build.0 = Debug|Any CPU
		{6C33D47A-6AF7-4FC9-88BA-DB5FAE3D7061}.Release|Any CPU.ActiveCfg = Release|Any CPU
		{6C33D47A-6AF7-4FC9-88BA-DB5FAE3D7061}.Release|Any CPU.Build.0 = Release|Any CPU
		{D987A7F3-A0EA-438E-A5C4-5AC30D0AEBF1}.Debug|Any CPU.ActiveCfg = Debug|Any CPU
		{D987A7F3-A0EA-438E-A5C4-5AC30D0AEBF1}.Debug|Any CPU.Build.0 = Debug|Any CPU
		{D987A7F3-A0EA-438E-A5C4-5AC30D0AEBF1}.Release|Any CPU.ActiveCfg = Release|Any CPU
		{D987A7F3-A0EA-438E-A5C4-5AC30D0AEBF1}.Release|Any CPU.Build.0 = Release|Any CPU
		{79EA4965-8EB1-434E-90FE-BF33910B7DD3}.Debug|Any CPU.ActiveCfg = Debug|Any CPU
		{79EA4965-8EB1-434E-90FE-BF33910B7DD3}.Debug|Any CPU.Build.0 = Debug|Any CPU
		{79EA4965-8EB1-434E-90FE-BF33910B7DD3}.Release|Any CPU.ActiveCfg = Release|Any CPU
		{79EA4965-8EB1-434E-90FE-BF33910B7DD3}.Release|Any CPU.Build.0 = Release|Any CPU
	EndGlobalSection
	GlobalSection(SolutionProperties) = preSolution
		HideSolutionNode = FALSE
	EndGlobalSection
	GlobalSection(ExtensibilityGlobals) = postSolution
		SolutionGuid = {69D91477-2116-4D08-B84C-4945B5E1CED6}
	EndGlobalSection
EndGlobal
